
Microsoft Visual Studio Solution File, Format Version 12.00
# Visual Studio Version 17
VisualStudioVersion = 17.5.33530.505
MinimumVisualStudioVersion = 10.0.40219.1
Project("{FAE04EC0-301F-11D3-BF4B-00C04F79EFBC}") = "SimpleVotingApplication", "SimpleVotingApplication\SimpleVotingApplication.csproj", "{39C24DC7-9B27-4247-B1CD-96A8C30C2C71}"
EndProject
Global
	GlobalSection(SolutionConfigurationPlatforms) = preSolution
		Debug|Any CPU = Debug|Any CPU
		Release|Any CPU = Release|Any CPU
	EndGlobalSection
	GlobalSection(ProjectConfigurationPlatforms) = postSolution
		{39C24DC7-9B27-4247-B1CD-96A8C30C2C71}.Debug|Any CPU.ActiveCfg = Debug|Any CPU
		{39C24DC7-9B27-4247-B1CD-96A8C30C2C71}.Debug|Any CPU.Build.0 = Debug|Any CPU
		{39C24DC7-9B27-4247-B1CD-96A8C30C2C71}.Release|Any CPU.ActiveCfg = Release|Any CPU
		{39C24DC7-9B27-4247-B1CD-96A8C30C2C71}.Release|Any CPU.Build.0 = Release|Any CPU
	EndGlobalSection
	GlobalSection(SolutionProperties) = preSolution
		HideSolutionNode = FALSE
	EndGlobalSection
	GlobalSection(ExtensibilityGlobals) = postSolution
		SolutionGuid = {0A26DED5-7337-41DF-BDBF-2235ADA59BDB}
	EndGlobalSection
EndGlobal
